
Microsoft Visual Studio Solution File, Format Version 12.00
Project("{FAE04EC0-301F-11D3-BF4B-00C04F79EFBC}") = "Sales_Analizator", "Sales_Analizator\Sales_Analizator.csproj", "{B49F1991-EBBA-4BED-853B-EE14CC5FF412}"
EndProject
Project("{FAE04EC0-301F-11D3-BF4B-00C04F79EFBC}") = "Sales", "Sales\Sales.csproj", "{C1855B4D-BF31-4DCD-87D8-27BC0930F59B}"
EndProject
Project("{FAE04EC0-301F-11D3-BF4B-00C04F79EFBC}") = "ConsoleMenu", "ConsoleMenu\ConsoleMenu.csproj", "{24B184C8-D2D0-46D7-A940-3FBAB73138C7}"
EndProject
Project("{FAE04EC0-301F-11D3-BF4B-00C04F79EFBC}") = "FileManager", "FileManager\FileManager.csproj", "{67AC590E-84A4-4CA5-94BF-C2351FF9E705}"
EndProject
Project("{FAE04EC0-301F-11D3-BF4B-00C04F79EFBC}") = "ExceptionHandler", "ExceptionHandler\ExceptionHandler.csproj", "{3165AA9F-0744-43F5-BCCD-BF489F179CAE}"
EndProject
Project("{FAE04EC0-301F-11D3-BF4B-00C04F79EFBC}") = "GetUserInput", "GetUserInput\GetUserInput.csproj", "{013A5CFD-D94A-4548-9D34-040CE0A8DCFC}"
EndProject
Project("{FAE04EC0-301F-11D3-BF4B-00C04F79EFBC}") = "CbrApi", "CbrApi\CbrApi.csproj", "{FDDB3BD4-E8AB-4428-BA74-51EF80E859D9}"
EndProject
Global
	GlobalSection(SolutionConfigurationPlatforms) = preSolution
		Debug|Any CPU = Debug|Any CPU
		Release|Any CPU = Release|Any CPU
	EndGlobalSection
	GlobalSection(ProjectConfigurationPlatforms) = postSolution
		{B49F1991-EBBA-4BED-853B-EE14CC5FF412}.Debug|Any CPU.ActiveCfg = Debug|Any CPU
		{B49F1991-EBBA-4BED-853B-EE14CC5FF412}.Debug|Any CPU.Build.0 = Debug|Any CPU
		{B49F1991-EBBA-4BED-853B-EE14CC5FF412}.Release|Any CPU.ActiveCfg = Release|Any CPU
		{B49F1991-EBBA-4BED-853B-EE14CC5FF412}.Release|Any CPU.Build.0 = Release|Any CPU
		{C1855B4D-BF31-4DCD-87D8-27BC0930F59B}.Debug|Any CPU.ActiveCfg = Debug|Any CPU
		{C1855B4D-BF31-4DCD-87D8-27BC0930F59B}.Debug|Any CPU.Build.0 = Debug|Any CPU
		{C1855B4D-BF31-4DCD-87D8-27BC0930F59B}.Release|Any CPU.ActiveCfg = Release|Any CPU
		{C1855B4D-BF31-4DCD-87D8-27BC0930F59B}.Release|Any CPU.Build.0 = Release|Any CPU
		{24B184C8-D2D0-46D7-A940-3FBAB73138C7}.Debug|Any CPU.ActiveCfg = Debug|Any CPU
		{24B184C8-D2D0-46D7-A940-3FBAB73138C7}.Debug|Any CPU.Build.0 = Debug|Any CPU
		{24B184C8-D2D0-46D7-A940-3FBAB73138C7}.Release|Any CPU.ActiveCfg = Release|Any CPU
		{24B184C8-D2D0-46D7-A940-3FBAB73138C7}.Release|Any CPU.Build.0 = Release|Any CPU
		{67AC590E-84A4-4CA5-94BF-C2351FF9E705}.Debug|Any CPU.ActiveCfg = Debug|Any CPU
		{67AC590E-84A4-4CA5-94BF-C2351FF9E705}.Debug|Any CPU.Build.0 = Debug|Any CPU
		{67AC590E-84A4-4CA5-94BF-C2351FF9E705}.Release|Any CPU.ActiveCfg = Release|Any CPU
		{67AC590E-84A4-4CA5-94BF-C2351FF9E705}.Release|Any CPU.Build.0 = Release|Any CPU
		{3165AA9F-0744-43F5-BCCD-BF489F179CAE}.Debug|Any CPU.ActiveCfg = Debug|Any CPU
		{3165AA9F-0744-43F5-BCCD-BF489F179CAE}.Debug|Any CPU.Build.0 = Debug|Any CPU
		{3165AA9F-0744-43F5-BCCD-BF489F179CAE}.Release|Any CPU.ActiveCfg = Release|Any CPU
		{3165AA9F-0744-43F5-BCCD-BF489F179CAE}.Release|Any CPU.Build.0 = Release|Any CPU
		{013A5CFD-D94A-4548-9D34-040CE0A8DCFC}.Debug|Any CPU.ActiveCfg = Debug|Any CPU
		{013A5CFD-D94A-4548-9D34-040CE0A8DCFC}.Debug|Any CPU.Build.0 = Debug|Any CPU
		{013A5CFD-D94A-4548-9D34-040CE0A8DCFC}.Release|Any CPU.ActiveCfg = Release|Any CPU
		{013A5CFD-D94A-4548-9D34-040CE0A8DCFC}.Release|Any CPU.Build.0 = Release|Any CPU
		{FDDB3BD4-E8AB-4428-BA74-51EF80E859D9}.Debug|Any CPU.ActiveCfg = Debug|Any CPU
		{FDDB3BD4-E8AB-4428-BA74-51EF80E859D9}.Debug|Any CPU.Build.0 = Debug|Any CPU
		{FDDB3BD4-E8AB-4428-BA74-51EF80E859D9}.Release|Any CPU.ActiveCfg = Release|Any CPU
		{FDDB3BD4-E8AB-4428-BA74-51EF80E859D9}.Release|Any CPU.Build.0 = Release|Any CPU
	EndGlobalSection
EndGlobal
